
Microsoft Visual Studio Solution File, Format Version 12.00
# Visual Studio Version 17
VisualStudioVersion = 17.14.36518.9
MinimumVisualStudioVersion = 10.0.40219.1
Project("{FAE04EC0-301F-11D3-BF4B-00C04F79EFBC}") = "SoftArchVehicleFleetManager", "SoftArchVehicleFleetManager\SoftArchVehicleFleetManager.csproj", "{B68D1DAE-DFA6-49D9-B319-72C61ACA0982}"
EndProject
Project("{2150E333-8FDC-42A3-9474-1A3956D46DE8}") = "Simulation", "Simulation", "{02EA681E-C7D8-13C7-8484-4AC65E1B71E8}"
EndProject
Project("{FAE04EC0-301F-11D3-BF4B-00C04F79EFBC}") = "SpeedTelemetryModul", "SpeedTelemetryModul\SpeedTelemetryModul.csproj", "{9C8140CD-8D02-4ED6-8F97-F6ED35EE18A1}"
EndProject
Global
	GlobalSection(SolutionConfigurationPlatforms) = preSolution
		Debug|Any CPU = Debug|Any CPU
		Release|Any CPU = Release|Any CPU
	EndGlobalSection
	GlobalSection(ProjectConfigurationPlatforms) = postSolution
		{B68D1DAE-DFA6-49D9-B319-72C61ACA0982}.Debug|Any CPU.ActiveCfg = Debug|Any CPU
		{B68D1DAE-DFA6-49D9-B319-72C61ACA0982}.Debug|Any CPU.Build.0 = Debug|Any CPU
		{B68D1DAE-DFA6-49D9-B319-72C61ACA0982}.Release|Any CPU.ActiveCfg = Release|Any CPU
		{B68D1DAE-DFA6-49D9-B319-72C61ACA0982}.Release|Any CPU.Build.0 = Release|Any CPU
		{9C8140CD-8D02-4ED6-8F97-F6ED35EE18A1}.Debug|Any CPU.ActiveCfg = Debug|Any CPU
		{9C8140CD-8D02-4ED6-8F97-F6ED35EE18A1}.Debug|Any CPU.Build.0 = Debug|Any CPU
		{9C8140CD-8D02-4ED6-8F97-F6ED35EE18A1}.Release|Any CPU.ActiveCfg = Release|Any CPU
		{9C8140CD-8D02-4ED6-8F97-F6ED35EE18A1}.Release|Any CPU.Build.0 = Release|Any CPU
	EndGlobalSection
	GlobalSection(SolutionProperties) = preSolution
		HideSolutionNode = FALSE
	EndGlobalSection
	GlobalSection(NestedProjects) = preSolution
		{9C8140CD-8D02-4ED6-8F97-F6ED35EE18A1} = {02EA681E-C7D8-13C7-8484-4AC65E1B71E8}
	EndGlobalSection
	GlobalSection(ExtensibilityGlobals) = postSolution
		SolutionGuid = {86CC7242-EBE4-40D7-96C7-B6BDDA7FAF13}
	EndGlobalSection
EndGlobal
